
Microsoft Visual Studio Solution File, Format Version 12.00
# Visual Studio 15
VisualStudioVersion = 15.0.28307.271
MinimumVisualStudioVersion = 10.0.40219.1
Project("{FAE04EC0-301F-11D3-BF4B-00C04F79EFBC}") = "ConsoleApp", "ConsoleApp\ConsoleApp.csproj", "{75FC5E51-CA1D-4177-B2B1-8CBE05B423D5}"
EndProject
Project("{FAE04EC0-301F-11D3-BF4B-00C04F79EFBC}") = "Library", "Library\Library.csproj", "{07213B71-EFE9-40D0-9D21-5F002E7B8EAC}"
EndProject
Global
	GlobalSection(SolutionConfigurationPlatforms) = preSolution
		Debug|Any CPU = Debug|Any CPU
		Release|Any CPU = Release|Any CPU
	EndGlobalSection
	GlobalSection(ProjectConfigurationPlatforms) = postSolution
		{75FC5E51-CA1D-4177-B2B1-8CBE05B423D5}.Debug|Any CPU.ActiveCfg = Debug|Any CPU
		{75FC5E51-CA1D-4177-B2B1-8CBE05B423D5}.Debug|Any CPU.Build.0 = Debug|Any CPU
		{75FC5E51-CA1D-4177-B2B1-8CBE05B423D5}.Release|Any CPU.ActiveCfg = Release|Any CPU
		{75FC5E51-CA1D-4177-B2B1-8CBE05B423D5}.Release|Any CPU.Build.0 = Release|Any CPU
		{07213B71-EFE9-40D0-9D21-5F002E7B8EAC}.Debug|Any CPU.ActiveCfg = Debug|Any CPU
		{07213B71-EFE9-40D0-9D21-5F002E7B8EAC}.Debug|Any CPU.Build.0 = Debug|Any CPU
		{07213B71-EFE9-40D0-9D21-5F002E7B8EAC}.Release|Any CPU.ActiveCfg = Release|Any CPU
		{07213B71-EFE9-40D0-9D21-5F002E7B8EAC}.Release|Any CPU.Build.0 = Release|Any CPU
	EndGlobalSection
	GlobalSection(SolutionProperties) = preSolution
		HideSolutionNode = FALSE
	EndGlobalSection
	GlobalSection(ExtensibilityGlobals) = postSolution
		SolutionGuid = {6A97D79B-1526-417C-8FC1-E7A2FDEAB7F8}
	EndGlobalSection
EndGlobal
